// !$*UTF8*$!
{
	archiveVersion = 1;
	classes = {
	};
	objectVersion = 56;
	objects = {

/* Begin PBXBuildFile section */
		6E47C2C82BA3846E0042D368 /* StatModel.swift in Sources */ = {isa = PBXBuildFile; fileRef = 6E47C2C72BA3846E0042D368 /* StatModel.swift */; };
		6E47C2CB2BA384990042D368 /* StatViewModel.swift in Sources */ = {isa = PBXBuildFile; fileRef = 6E47C2CA2BA384990042D368 /* StatViewModel.swift */; };
		6E6F86C12BB12EE5004E7B3B /* DatePickerWrapper.swift in Sources */ = {isa = PBXBuildFile; fileRef = 6E6F86C02BB12EE5004E7B3B /* DatePickerWrapper.swift */; };
		6E6F86C32BB12F35004E7B3B /* StatCard.swift in Sources */ = {isa = PBXBuildFile; fileRef = 6E6F86C22BB12F35004E7B3B /* StatCard.swift */; };
		6E6F86C52BB12FCF004E7B3B /* MeasurementUnit.swift in Sources */ = {isa = PBXBuildFile; fileRef = 6E6F86C42BB12FCF004E7B3B /* MeasurementUnit.swift */; };
		6E6F86C72BB132F3004E7B3B /* Formatter+Extension.swift in Sources */ = {isa = PBXBuildFile; fileRef = 6E6F86C62BB132F3004E7B3B /* Formatter+Extension.swift */; };
		6E97353E2BB2A1EC0010E976 /* HKStoreModel.swift in Sources */ = {isa = PBXBuildFile; fileRef = 6E97353D2BB2A1EC0010E976 /* HKStoreModel.swift */; };
		6EE7E1122BA23F3900414E22 /* TreadmillStatReaderApp.swift in Sources */ = {isa = PBXBuildFile; fileRef = 6EE7E1112BA23F3900414E22 /* TreadmillStatReaderApp.swift */; };
		6EE7E1142BA23F3900414E22 /* UserInputStatView.swift in Sources */ = {isa = PBXBuildFile; fileRef = 6EE7E1132BA23F3900414E22 /* UserInputStatView.swift */; };
		6EE7E1162BA23F3B00414E22 /* Assets.xcassets in Resources */ = {isa = PBXBuildFile; fileRef = 6EE7E1152BA23F3B00414E22 /* Assets.xcassets */; };
		6EE7E1192BA23F3B00414E22 /* Preview Assets.xcassets in Resources */ = {isa = PBXBuildFile; fileRef = 6EE7E1182BA23F3B00414E22 /* Preview Assets.xcassets */; };
		6EE7E1232BA23F3C00414E22 /* TreadmillStatReaderTests.swift in Sources */ = {isa = PBXBuildFile; fileRef = 6EE7E1222BA23F3C00414E22 /* TreadmillStatReaderTests.swift */; };
		6EE7E12D2BA23F3C00414E22 /* TreadmillStatReaderUITests.swift in Sources */ = {isa = PBXBuildFile; fileRef = 6EE7E12C2BA23F3C00414E22 /* TreadmillStatReaderUITests.swift */; };
		6EE7E12F2BA23F3C00414E22 /* TreadmillStatReaderUITestsLaunchTests.swift in Sources */ = {isa = PBXBuildFile; fileRef = 6EE7E12E2BA23F3C00414E22 /* TreadmillStatReaderUITestsLaunchTests.swift */; };
		6EE7E13E2BA288F300414E22 /* LaunchScreenView.swift in Sources */ = {isa = PBXBuildFile; fileRef = 6EE7E13D2BA288F300414E22 /* LaunchScreenView.swift */; };
/* End PBXBuildFile section */

/* Begin PBXContainerItemProxy section */
		6EE7E11F2BA23F3C00414E22 /* PBXContainerItemProxy */ = {
			isa = PBXContainerItemProxy;
			containerPortal = 6EE7E1062BA23F3900414E22 /* Project object */;
			proxyType = 1;
			remoteGlobalIDString = 6EE7E10D2BA23F3900414E22;
			remoteInfo = TreadmillStatReader;
		};
		6EE7E1292BA23F3C00414E22 /* PBXContainerItemProxy */ = {
			isa = PBXContainerItemProxy;
			containerPortal = 6EE7E1062BA23F3900414E22 /* Project object */;
			proxyType = 1;
			remoteGlobalIDString = 6EE7E10D2BA23F3900414E22;
			remoteInfo = TreadmillStatReader;
		};
/* End PBXContainerItemProxy section */

/* Begin PBXFileReference section */
		6E47C2C72BA3846E0042D368 /* StatModel.swift */ = {isa = PBXFileReference; lastKnownFileType = sourcecode.swift; path = StatModel.swift; sourceTree = "<group>"; };
		6E47C2CA2BA384990042D368 /* StatViewModel.swift */ = {isa = PBXFileReference; lastKnownFileType = sourcecode.swift; path = StatViewModel.swift; sourceTree = "<group>"; };
		6E6F86C02BB12EE5004E7B3B /* DatePickerWrapper.swift */ = {isa = PBXFileReference; lastKnownFileType = sourcecode.swift; path = DatePickerWrapper.swift; sourceTree = "<group>"; };
		6E6F86C22BB12F35004E7B3B /* StatCard.swift */ = {isa = PBXFileReference; lastKnownFileType = sourcecode.swift; path = StatCard.swift; sourceTree = "<group>"; };
		6E6F86C42BB12FCF004E7B3B /* MeasurementUnit.swift */ = {isa = PBXFileReference; lastKnownFileType = sourcecode.swift; path = MeasurementUnit.swift; sourceTree = "<group>"; };
		6E6F86C62BB132F3004E7B3B /* Formatter+Extension.swift */ = {isa = PBXFileReference; lastKnownFileType = sourcecode.swift; path = "Formatter+Extension.swift"; sourceTree = "<group>"; };
		6E97353C2BB2A0860010E976 /* TreadmillStatReader.entitlements */ = {isa = PBXFileReference; lastKnownFileType = text.plist.entitlements; path = TreadmillStatReader.entitlements; sourceTree = "<group>"; };
		6E97353D2BB2A1EC0010E976 /* HKStoreModel.swift */ = {isa = PBXFileReference; lastKnownFileType = sourcecode.swift; path = HKStoreModel.swift; sourceTree = "<group>"; };
		6EE7E10E2BA23F3900414E22 /* TreadmillStatReader.app */ = {isa = PBXFileReference; explicitFileType = wrapper.application; includeInIndex = 0; path = TreadmillStatReader.app; sourceTree = BUILT_PRODUCTS_DIR; };
		6EE7E1112BA23F3900414E22 /* TreadmillStatReaderApp.swift */ = {isa = PBXFileReference; lastKnownFileType = sourcecode.swift; path = TreadmillStatReaderApp.swift; sourceTree = "<group>"; };
		6EE7E1132BA23F3900414E22 /* UserInputStatView.swift */ = {isa = PBXFileReference; lastKnownFileType = sourcecode.swift; path = UserInputStatView.swift; sourceTree = "<group>"; };
		6EE7E1152BA23F3B00414E22 /* Assets.xcassets */ = {isa = PBXFileReference; lastKnownFileType = folder.assetcatalog; path = Assets.xcassets; sourceTree = "<group>"; };
		6EE7E1182BA23F3B00414E22 /* Preview Assets.xcassets */ = {isa = PBXFileReference; lastKnownFileType = folder.assetcatalog; path = "Preview Assets.xcassets"; sourceTree = "<group>"; };
		6EE7E11E2BA23F3C00414E22 /* TreadmillStatReaderTests.xctest */ = {isa = PBXFileReference; explicitFileType = wrapper.cfbundle; includeInIndex = 0; path = TreadmillStatReaderTests.xctest; sourceTree = BUILT_PRODUCTS_DIR; };
		6EE7E1222BA23F3C00414E22 /* TreadmillStatReaderTests.swift */ = {isa = PBXFileReference; lastKnownFileType = sourcecode.swift; path = TreadmillStatReaderTests.swift; sourceTree = "<group>"; };
		6EE7E1282BA23F3C00414E22 /* TreadmillStatReaderUITests.xctest */ = {isa = PBXFileReference; explicitFileType = wrapper.cfbundle; includeInIndex = 0; path = TreadmillStatReaderUITests.xctest; sourceTree = BUILT_PRODUCTS_DIR; };
		6EE7E12C2BA23F3C00414E22 /* TreadmillStatReaderUITests.swift */ = {isa = PBXFileReference; lastKnownFileType = sourcecode.swift; path = TreadmillStatReaderUITests.swift; sourceTree = "<group>"; };
		6EE7E12E2BA23F3C00414E22 /* TreadmillStatReaderUITestsLaunchTests.swift */ = {isa = PBXFileReference; lastKnownFileType = sourcecode.swift; path = TreadmillStatReaderUITestsLaunchTests.swift; sourceTree = "<group>"; };
		6EE7E13D2BA288F300414E22 /* LaunchScreenView.swift */ = {isa = PBXFileReference; lastKnownFileType = sourcecode.swift; path = LaunchScreenView.swift; sourceTree = "<group>"; };
/* End PBXFileReference section */

/* Begin PBXFrameworksBuildPhase section */
		6EE7E10B2BA23F3900414E22 /* Frameworks */ = {
			isa = PBXFrameworksBuildPhase;
			buildActionMask = 2147483647;
			files = (
			);
			runOnlyForDeploymentPostprocessing = 0;
		};
		6EE7E11B2BA23F3C00414E22 /* Frameworks */ = {
			isa = PBXFrameworksBuildPhase;
			buildActionMask = 2147483647;
			files = (
			);
			runOnlyForDeploymentPostprocessing = 0;
		};
		6EE7E1252BA23F3C00414E22 /* Frameworks */ = {
			isa = PBXFrameworksBuildPhase;
			buildActionMask = 2147483647;
			files = (
			);
			runOnlyForDeploymentPostprocessing = 0;
		};
/* End PBXFrameworksBuildPhase section */

/* Begin PBXGroup section */
		6E47C2C62BA384460042D368 /* Model */ = {
			isa = PBXGroup;
			children = (
				6E47C2C72BA3846E0042D368 /* StatModel.swift */,
				6E97353D2BB2A1EC0010E976 /* HKStoreModel.swift */,
			);
			path = Model;
			sourceTree = "<group>";
		};
		6E47C2C92BA3847A0042D368 /* ViewModel */ = {
			isa = PBXGroup;
			children = (
				6E47C2CA2BA384990042D368 /* StatViewModel.swift */,
			);
			path = ViewModel;
			sourceTree = "<group>";
		};
		6E6F86BF2BB12EC3004E7B3B /* View */ = {
			isa = PBXGroup;
			children = (
				6EE7E1132BA23F3900414E22 /* UserInputStatView.swift */,
				6E6F86C02BB12EE5004E7B3B /* DatePickerWrapper.swift */,
				6E6F86C22BB12F35004E7B3B /* StatCard.swift */,
				6E6F86C42BB12FCF004E7B3B /* MeasurementUnit.swift */,
				6E6F86C62BB132F3004E7B3B /* Formatter+Extension.swift */,
			);
			path = View;
			sourceTree = "<group>";
		};
		6EE7E1052BA23F3900414E22 = {
			isa = PBXGroup;
			children = (
				6EE7E1102BA23F3900414E22 /* TreadmillStatReader */,
				6EE7E1212BA23F3C00414E22 /* TreadmillStatReaderTests */,
				6EE7E12B2BA23F3C00414E22 /* TreadmillStatReaderUITests */,
				6EE7E10F2BA23F3900414E22 /* Products */,
			);
			sourceTree = "<group>";
		};
		6EE7E10F2BA23F3900414E22 /* Products */ = {
			isa = PBXGroup;
			children = (
				6EE7E10E2BA23F3900414E22 /* TreadmillStatReader.app */,
				6EE7E11E2BA23F3C00414E22 /* TreadmillStatReaderTests.xctest */,
				6EE7E1282BA23F3C00414E22 /* TreadmillStatReaderUITests.xctest */,
			);
			name = Products;
			sourceTree = "<group>";
		};
		6EE7E1102BA23F3900414E22 /* TreadmillStatReader */ = {
			isa = PBXGroup;
			children = (
				6E97353C2BB2A0860010E976 /* TreadmillStatReader.entitlements */,
				6EE7E1112BA23F3900414E22 /* TreadmillStatReaderApp.swift */,
				6E6F86BF2BB12EC3004E7B3B /* View */,
				6E47C2C62BA384460042D368 /* Model */,
				6EE7E13D2BA288F300414E22 /* LaunchScreenView.swift */,
				6E47C2C92BA3847A0042D368 /* ViewModel */,
				6EE7E1152BA23F3B00414E22 /* Assets.xcassets */,
				6EE7E1172BA23F3B00414E22 /* Preview Content */,
			);
			path = TreadmillStatReader;
			sourceTree = "<group>";
		};
		6EE7E1172BA23F3B00414E22 /* Preview Content */ = {
			isa = PBXGroup;
			children = (
				6EE7E1182BA23F3B00414E22 /* Preview Assets.xcassets */,
			);
			path = "Preview Content";
			sourceTree = "<group>";
		};
		6EE7E1212BA23F3C00414E22 /* TreadmillStatReaderTests */ = {
			isa = PBXGroup;
			children = (
				6EE7E1222BA23F3C00414E22 /* TreadmillStatReaderTests.swift */,
			);
			path = TreadmillStatReaderTests;
			sourceTree = "<group>";
		};
		6EE7E12B2BA23F3C00414E22 /* TreadmillStatReaderUITests */ = {
			isa = PBXGroup;
			children = (
				6EE7E12C2BA23F3C00414E22 /* TreadmillStatReaderUITests.swift */,
				6EE7E12E2BA23F3C00414E22 /* TreadmillStatReaderUITestsLaunchTests.swift */,
			);
			path = TreadmillStatReaderUITests;
			sourceTree = "<group>";
		};
/* End PBXGroup section */

/* Begin PBXNativeTarget section */
		6EE7E10D2BA23F3900414E22 /* TreadmillStatReader */ = {
			isa = PBXNativeTarget;
			buildConfigurationList = 6EE7E1322BA23F3C00414E22 /* Build configuration list for PBXNativeTarget "TreadmillStatReader" */;
			buildPhases = (
				6EE7E10A2BA23F3900414E22 /* Sources */,
				6EE7E10B2BA23F3900414E22 /* Frameworks */,
				6EE7E10C2BA23F3900414E22 /* Resources */,
			);
			buildRules = (
			);
			dependencies = (
			);
			name = TreadmillStatReader;
			productName = TreadmillStatReader;
			productReference = 6EE7E10E2BA23F3900414E22 /* TreadmillStatReader.app */;
			productType = "com.apple.product-type.application";
		};
		6EE7E11D2BA23F3C00414E22 /* TreadmillStatReaderTests */ = {
			isa = PBXNativeTarget;
			buildConfigurationList = 6EE7E1352BA23F3C00414E22 /* Build configuration list for PBXNativeTarget "TreadmillStatReaderTests" */;
			buildPhases = (
				6EE7E11A2BA23F3C00414E22 /* Sources */,
				6EE7E11B2BA23F3C00414E22 /* Frameworks */,
				6EE7E11C2BA23F3C00414E22 /* Resources */,
			);
			buildRules = (
			);
			dependencies = (
				6EE7E1202BA23F3C00414E22 /* PBXTargetDependency */,
			);
			name = TreadmillStatReaderTests;
			productName = TreadmillStatReaderTests;
			productReference = 6EE7E11E2BA23F3C00414E22 /* TreadmillStatReaderTests.xctest */;
			productType = "com.apple.product-type.bundle.unit-test";
		};
		6EE7E1272BA23F3C00414E22 /* TreadmillStatReaderUITests */ = {
			isa = PBXNativeTarget;
			buildConfigurationList = 6EE7E1382BA23F3C00414E22 /* Build configuration list for PBXNativeTarget "TreadmillStatReaderUITests" */;
			buildPhases = (
				6EE7E1242BA23F3C00414E22 /* Sources */,
				6EE7E1252BA23F3C00414E22 /* Frameworks */,
				6EE7E1262BA23F3C00414E22 /* Resources */,
			);
			buildRules = (
			);
			dependencies = (
				6EE7E12A2BA23F3C00414E22 /* PBXTargetDependency */,
			);
			name = TreadmillStatReaderUITests;
			productName = TreadmillStatReaderUITests;
			productReference = 6EE7E1282BA23F3C00414E22 /* TreadmillStatReaderUITests.xctest */;
			productType = "com.apple.product-type.bundle.ui-testing";
		};
/* End PBXNativeTarget section */

/* Begin PBXProject section */
		6EE7E1062BA23F3900414E22 /* Project object */ = {
			isa = PBXProject;
			attributes = {
				BuildIndependentTargetsInParallel = 1;
				LastSwiftUpdateCheck = 1520;
				LastUpgradeCheck = 1520;
				TargetAttributes = {
					6EE7E10D2BA23F3900414E22 = {
						CreatedOnToolsVersion = 15.2;
					};
					6EE7E11D2BA23F3C00414E22 = {
						CreatedOnToolsVersion = 15.2;
						TestTargetID = 6EE7E10D2BA23F3900414E22;
					};
					6EE7E1272BA23F3C00414E22 = {
						CreatedOnToolsVersion = 15.2;
						TestTargetID = 6EE7E10D2BA23F3900414E22;
					};
				};
			};
			buildConfigurationList = 6EE7E1092BA23F3900414E22 /* Build configuration list for PBXProject "TreadmillStatReader" */;
			compatibilityVersion = "Xcode 14.0";
			developmentRegion = en;
			hasScannedForEncodings = 0;
			knownRegions = (
				en,
				Base,
			);
			mainGroup = 6EE7E1052BA23F3900414E22;
			productRefGroup = 6EE7E10F2BA23F3900414E22 /* Products */;
			projectDirPath = "";
			projectRoot = "";
			targets = (
				6EE7E10D2BA23F3900414E22 /* TreadmillStatReader */,
				6EE7E11D2BA23F3C00414E22 /* TreadmillStatReaderTests */,
				6EE7E1272BA23F3C00414E22 /* TreadmillStatReaderUITests */,
			);
		};
/* End PBXProject section */

/* Begin PBXResourcesBuildPhase section */
		6EE7E10C2BA23F3900414E22 /* Resources */ = {
			isa = PBXResourcesBuildPhase;
			buildActionMask = 2147483647;
			files = (
				6EE7E1192BA23F3B00414E22 /* Preview Assets.xcassets in Resources */,
				6EE7E1162BA23F3B00414E22 /* Assets.xcassets in Resources */,
			);
			runOnlyForDeploymentPostprocessing = 0;
		};
		6EE7E11C2BA23F3C00414E22 /* Resources */ = {
			isa = PBXResourcesBuildPhase;
			buildActionMask = 2147483647;
			files = (
			);
			runOnlyForDeploymentPostprocessing = 0;
		};
		6EE7E1262BA23F3C00414E22 /* Resources */ = {
			isa = PBXResourcesBuildPhase;
			buildActionMask = 2147483647;
			files = (
			);
			runOnlyForDeploymentPostprocessing = 0;
		};
/* End PBXResourcesBuildPhase section */

/* Begin PBXSourcesBuildPhase section */
		6EE7E10A2BA23F3900414E22 /* Sources */ = {
			isa = PBXSourcesBuildPhase;
			buildActionMask = 2147483647;
			files = (
				6E97353E2BB2A1EC0010E976 /* HKStoreModel.swift in Sources */,
				6E6F86C32BB12F35004E7B3B /* StatCard.swift in Sources */,
				6E6F86C72BB132F3004E7B3B /* Formatter+Extension.swift in Sources */,
				6EE7E1142BA23F3900414E22 /* UserInputStatView.swift in Sources */,
				6EE7E1122BA23F3900414E22 /* TreadmillStatReaderApp.swift in Sources */,
				6E47C2CB2BA384990042D368 /* StatViewModel.swift in Sources */,
				6EE7E13E2BA288F300414E22 /* LaunchScreenView.swift in Sources */,
				6E47C2C82BA3846E0042D368 /* StatModel.swift in Sources */,
				6E6F86C52BB12FCF004E7B3B /* MeasurementUnit.swift in Sources */,
				6E6F86C12BB12EE5004E7B3B /* DatePickerWrapper.swift in Sources */,
			);
			runOnlyForDeploymentPostprocessing = 0;
		};
		6EE7E11A2BA23F3C00414E22 /* Sources */ = {
			isa = PBXSourcesBuildPhase;
			buildActionMask = 2147483647;
			files = (
				6EE7E1232BA23F3C00414E22 /* TreadmillStatReaderTests.swift in Sources */,
			);
			runOnlyForDeploymentPostprocessing = 0;
		};
		6EE7E1242BA23F3C00414E22 /* Sources */ = {
			isa = PBXSourcesBuildPhase;
			buildActionMask = 2147483647;
			files = (
				6EE7E12F2BA23F3C00414E22 /* TreadmillStatReaderUITestsLaunchTests.swift in Sources */,
				6EE7E12D2BA23F3C00414E22 /* TreadmillStatReaderUITests.swift in Sources */,
			);
			runOnlyForDeploymentPostprocessing = 0;
		};
/* End PBXSourcesBuildPhase section */

/* Begin PBXTargetDependency section */
		6EE7E1202BA23F3C00414E22 /* PBXTargetDependency */ = {
			isa = PBXTargetDependency;
			target = 6EE7E10D2BA23F3900414E22 /* TreadmillStatReader */;
			targetProxy = 6EE7E11F2BA23F3C00414E22 /* PBXContainerItemProxy */;
		};
		6EE7E12A2BA23F3C00414E22 /* PBXTargetDependency */ = {
			isa = PBXTargetDependency;
			target = 6EE7E10D2BA23F3900414E22 /* TreadmillStatReader */;
			targetProxy = 6EE7E1292BA23F3C00414E22 /* PBXContainerItemProxy */;
		};
/* End PBXTargetDependency section */

/* Begin XCBuildConfiguration section */
		6EE7E1302BA23F3C00414E22 /* Debug */ = {
			isa = XCBuildConfiguration;
			buildSettings = {
				ALWAYS_SEARCH_USER_PATHS = NO;
				ASSETCATALOG_COMPILER_GENERATE_SWIFT_ASSET_SYMBOL_EXTENSIONS = YES;
				CLANG_ANALYZER_NONNULL = YES;
				CLANG_ANALYZER_NUMBER_OBJECT_CONVERSION = YES_AGGRESSIVE;
				CLANG_CXX_LANGUAGE_STANDARD = "gnu++20";
				CLANG_ENABLE_MODULES = YES;
				CLANG_ENABLE_OBJC_ARC = YES;
				CLANG_ENABLE_OBJC_WEAK = YES;
				CLANG_WARN_BLOCK_CAPTURE_AUTORELEASING = YES;
				CLANG_WARN_BOOL_CONVERSION = YES;
				CLANG_WARN_COMMA = YES;
				CLANG_WARN_CONSTANT_CONVERSION = YES;
				CLANG_WARN_DEPRECATED_OBJC_IMPLEMENTATIONS = YES;
				CLANG_WARN_DIRECT_OBJC_ISA_USAGE = YES_ERROR;
				CLANG_WARN_DOCUMENTATION_COMMENTS = YES;
				CLANG_WARN_EMPTY_BODY = YES;
				CLANG_WARN_ENUM_CONVERSION = YES;
				CLANG_WARN_INFINITE_RECURSION = YES;
				CLANG_WARN_INT_CONVERSION = YES;
				CLANG_WARN_NON_LITERAL_NULL_CONVERSION = YES;
				CLANG_WARN_OBJC_IMPLICIT_RETAIN_SELF = YES;
				CLANG_WARN_OBJC_LITERAL_CONVERSION = YES;
				CLANG_WARN_OBJC_ROOT_CLASS = YES_ERROR;
				CLANG_WARN_QUOTED_INCLUDE_IN_FRAMEWORK_HEADER = YES;
				CLANG_WARN_RANGE_LOOP_ANALYSIS = YES;
				CLANG_WARN_STRICT_PROTOTYPES = YES;
				CLANG_WARN_SUSPICIOUS_MOVE = YES;
				CLANG_WARN_UNGUARDED_AVAILABILITY = YES_AGGRESSIVE;
				CLANG_WARN_UNREACHABLE_CODE = YES;
				CLANG_WARN__DUPLICATE_METHOD_MATCH = YES;
				COPY_PHASE_STRIP = NO;
				DEBUG_INFORMATION_FORMAT = dwarf;
				ENABLE_STRICT_OBJC_MSGSEND = YES;
				ENABLE_TESTABILITY = YES;
				ENABLE_USER_SCRIPT_SANDBOXING = YES;
				GCC_C_LANGUAGE_STANDARD = gnu17;
				GCC_DYNAMIC_NO_PIC = NO;
				GCC_NO_COMMON_BLOCKS = YES;
				GCC_OPTIMIZATION_LEVEL = 0;
				GCC_PREPROCESSOR_DEFINITIONS = (
					"DEBUG=1",
					"$(inherited)",
				);
				GCC_WARN_64_TO_32_BIT_CONVERSION = YES;
				GCC_WARN_ABOUT_RETURN_TYPE = YES_ERROR;
				GCC_WARN_UNDECLARED_SELECTOR = YES;
				GCC_WARN_UNINITIALIZED_AUTOS = YES_AGGRESSIVE;
				GCC_WARN_UNUSED_FUNCTION = YES;
				GCC_WARN_UNUSED_VARIABLE = YES;
				IPHONEOS_DEPLOYMENT_TARGET = 17.2;
				LOCALIZATION_PREFERS_STRING_CATALOGS = YES;
				MTL_ENABLE_DEBUG_INFO = INCLUDE_SOURCE;
				MTL_FAST_MATH = YES;
				ONLY_ACTIVE_ARCH = YES;
				SDKROOT = iphoneos;
				SWIFT_ACTIVE_COMPILATION_CONDITIONS = "DEBUG $(inherited)";
				SWIFT_OPTIMIZATION_LEVEL = "-Onone";
			};
			name = Debug;
		};
		6EE7E1312BA23F3C00414E22 /* Release */ = {
			isa = XCBuildConfiguration;
			buildSettings = {
				ALWAYS_SEARCH_USER_PATHS = NO;
				ASSETCATALOG_COMPILER_GENERATE_SWIFT_ASSET_SYMBOL_EXTENSIONS = YES;
				CLANG_ANALYZER_NONNULL = YES;
				CLANG_ANALYZER_NUMBER_OBJECT_CONVERSION = YES_AGGRESSIVE;
				CLANG_CXX_LANGUAGE_STANDARD = "gnu++20";
				CLANG_ENABLE_MODULES = YES;
				CLANG_ENABLE_OBJC_ARC = YES;
				CLANG_ENABLE_OBJC_WEAK = YES;
				CLANG_WARN_BLOCK_CAPTURE_AUTORELEASING = YES;
				CLANG_WARN_BOOL_CONVERSION = YES;
				CLANG_WARN_COMMA = YES;
				CLANG_WARN_CONSTANT_CONVERSION = YES;
				CLANG_WARN_DEPRECATED_OBJC_IMPLEMENTATIONS = YES;
				CLANG_WARN_DIRECT_OBJC_ISA_USAGE = YES_ERROR;
				CLANG_WARN_DOCUMENTATION_COMMENTS = YES;
				CLANG_WARN_EMPTY_BODY = YES;
				CLANG_WARN_ENUM_CONVERSION = YES;
				CLANG_WARN_INFINITE_RECURSION = YES;
				CLANG_WARN_INT_CONVERSION = YES;
				CLANG_WARN_NON_LITERAL_NULL_CONVERSION = YES;
				CLANG_WARN_OBJC_IMPLICIT_RETAIN_SELF = YES;
				CLANG_WARN_OBJC_LITERAL_CONVERSION = YES;
				CLANG_WARN_OBJC_ROOT_CLASS = YES_ERROR;
				CLANG_WARN_QUOTED_INCLUDE_IN_FRAMEWORK_HEADER = YES;
				CLANG_WARN_RANGE_LOOP_ANALYSIS = YES;
				CLANG_WARN_STRICT_PROTOTYPES = YES;
				CLANG_WARN_SUSPICIOUS_MOVE = YES;
				CLANG_WARN_UNGUARDED_AVAILABILITY = YES_AGGRESSIVE;
				CLANG_WARN_UNREACHABLE_CODE = YES;
				CLANG_WARN__DUPLICATE_METHOD_MATCH = YES;
				COPY_PHASE_STRIP = NO;
				DEBUG_INFORMATION_FORMAT = "dwarf-with-dsym";
				ENABLE_NS_ASSERTIONS = NO;
				ENABLE_STRICT_OBJC_MSGSEND = YES;
				ENABLE_USER_SCRIPT_SANDBOXING = YES;
				GCC_C_LANGUAGE_STANDARD = gnu17;
				GCC_NO_COMMON_BLOCKS = YES;
				GCC_WARN_64_TO_32_BIT_CONVERSION = YES;
				GCC_WARN_ABOUT_RETURN_TYPE = YES_ERROR;
				GCC_WARN_UNDECLARED_SELECTOR = YES;
				GCC_WARN_UNINITIALIZED_AUTOS = YES_AGGRESSIVE;
				GCC_WARN_UNUSED_FUNCTION = YES;
				GCC_WARN_UNUSED_VARIABLE = YES;
				IPHONEOS_DEPLOYMENT_TARGET = 17.2;
				LOCALIZATION_PREFERS_STRING_CATALOGS = YES;
				MTL_ENABLE_DEBUG_INFO = NO;
				MTL_FAST_MATH = YES;
				SDKROOT = iphoneos;
				SWIFT_COMPILATION_MODE = wholemodule;
				VALIDATE_PRODUCT = YES;
			};
			name = Release;
		};
		6EE7E1332BA23F3C00414E22 /* Debug */ = {
			isa = XCBuildConfiguration;
			buildSettings = {
				ASSETCATALOG_COMPILER_APPICON_NAME = AppIcon;
				ASSETCATALOG_COMPILER_GLOBAL_ACCENT_COLOR_NAME = AccentColor;
				CODE_SIGN_ENTITLEMENTS = TreadmillStatReader/TreadmillStatReader.entitlements;
				CODE_SIGN_STYLE = Automatic;
				CURRENT_PROJECT_VERSION = 1;
				DEVELOPMENT_ASSET_PATHS = "\"TreadmillStatReader/Preview Content\"";
				DEVELOPMENT_TEAM = U5Z5J4K24B;
				ENABLE_PREVIEWS = YES;
				GENERATE_INFOPLIST_FILE = YES;
				INFOPLIST_KEY_NSHealthShareUsageDescription = "This will help the app to understand your workout data and suggest new workout based on your workout history.";
				INFOPLIST_KEY_NSHealthUpdateUsageDescription = "This will add your workout data in the Apple Health.";
				INFOPLIST_KEY_UIApplicationSceneManifest_Generation = YES;
				INFOPLIST_KEY_UIApplicationSupportsIndirectInputEvents = YES;
				INFOPLIST_KEY_UILaunchScreen_Generation = YES;
				INFOPLIST_KEY_UISupportedInterfaceOrientations_iPad = "UIInterfaceOrientationPortrait UIInterfaceOrientationPortraitUpsideDown UIInterfaceOrientationLandscapeLeft UIInterfaceOrientationLandscapeRight";
				INFOPLIST_KEY_UISupportedInterfaceOrientations_iPhone = "UIInterfaceOrientationPortrait UIInterfaceOrientationLandscapeLeft UIInterfaceOrientationLandscapeRight";
				IPHONEOS_DEPLOYMENT_TARGET = 17.0;
				LD_RUNPATH_SEARCH_PATHS = (
					"$(inherited)",
					"@executable_path/Frameworks",
				);
				MARKETING_VERSION = 1.0;
				PRODUCT_BUNDLE_IDENTIFIER = com.example.RojinPrajapati.TreadmillStatReader;
				PRODUCT_NAME = "$(TARGET_NAME)";
				SWIFT_EMIT_LOC_STRINGS = YES;
				SWIFT_VERSION = 5.0;
				TARGETED_DEVICE_FAMILY = "1,2";
			};
			name = Debug;
		};
		6EE7E1342BA23F3C00414E22 /* Release */ = {
			isa = XCBuildConfiguration;
			buildSettings = {
				ASSETCATALOG_COMPILER_APPICON_NAME = AppIcon;
				ASSETCATALOG_COMPILER_GLOBAL_ACCENT_COLOR_NAME = AccentColor;
				CODE_SIGN_ENTITLEMENTS = TreadmillStatReader/TreadmillStatReader.entitlements;
				CODE_SIGN_STYLE = Automatic;
				CURRENT_PROJECT_VERSION = 1;
				DEVELOPMENT_ASSET_PATHS = "\"TreadmillStatReader/Preview Content\"";
				DEVELOPMENT_TEAM = U5Z5J4K24B;
				ENABLE_PREVIEWS = YES;
				GENERATE_INFOPLIST_FILE = YES;
				INFOPLIST_KEY_NSHealthShareUsageDescription = "This will help the app to understand your workout data and suggest new workout based on your workout history.";
				INFOPLIST_KEY_NSHealthUpdateUsageDescription = "This will add your workout data in the Apple Health.";
				INFOPLIST_KEY_UIApplicationSceneManifest_Generation = YES;
				INFOPLIST_KEY_UIApplicationSupportsIndirectInputEvents = YES;
				INFOPLIST_KEY_UILaunchScreen_Generation = YES;
				INFOPLIST_KEY_UISupportedInterfaceOrientations_iPad = "UIInterfaceOrientationPortrait UIInterfaceOrientationPortraitUpsideDown UIInterfaceOrientationLandscapeLeft UIInterfaceOrientationLandscapeRight";
				INFOPLIST_KEY_UISupportedInterfaceOrientations_iPhone = "UIInterfaceOrientationPortrait UIInterfaceOrientationLandscapeLeft UIInterfaceOrientationLandscapeRight";
				IPHONEOS_DEPLOYMENT_TARGET = 17.0;
				LD_RUNPATH_SEARCH_PATHS = (
					"$(inherited)",
					"@executable_path/Frameworks",
				);
				MARKETING_VERSION = 1.0;
				PRODUCT_BUNDLE_IDENTIFIER = com.example.RojinPrajapati.TreadmillStatReader;
				PRODUCT_NAME = "$(TARGET_NAME)";
				SWIFT_EMIT_LOC_STRINGS = YES;
				SWIFT_VERSION = 5.0;
				TARGETED_DEVICE_FAMILY = "1,2";
			};
			name = Release;
		};
		6EE7E1362BA23F3C00414E22 /* Debug */ = {
			isa = XCBuildConfiguration;
			buildSettings = {
				ALWAYS_EMBED_SWIFT_STANDARD_LIBRARIES = YES;
				BUNDLE_LOADER = "$(TEST_HOST)";
				CODE_SIGN_STYLE = Automatic;
				CURRENT_PROJECT_VERSION = 1;
				DEVELOPMENT_TEAM = U5Z5J4K24B;
				GENERATE_INFOPLIST_FILE = YES;
				IPHONEOS_DEPLOYMENT_TARGET = 17.2;
				MARKETING_VERSION = 1.0;
				PRODUCT_BUNDLE_IDENTIFIER = com.example.RojinPrajapati.TreadmillStatReaderTests;
				PRODUCT_NAME = "$(TARGET_NAME)";
				SWIFT_EMIT_LOC_STRINGS = NO;
				SWIFT_VERSION = 5.0;
				TARGETED_DEVICE_FAMILY = "1,2";
				TEST_HOST = "$(BUILT_PRODUCTS_DIR)/TreadmillStatReader.app/$(BUNDLE_EXECUTABLE_FOLDER_PATH)/TreadmillStatReader";
			};
			name = Debug;
		};
		6EE7E1372BA23F3C00414E22 /* Release */ = {
			isa = XCBuildConfiguration;
			buildSettings = {
				ALWAYS_EMBED_SWIFT_STANDARD_LIBRARIES = YES;
				BUNDLE_LOADER = "$(TEST_HOST)";
				CODE_SIGN_STYLE = Automatic;
				CURRENT_PROJECT_VERSION = 1;
				DEVELOPMENT_TEAM = U5Z5J4K24B;
				GENERATE_INFOPLIST_FILE = YES;
				IPHONEOS_DEPLOYMENT_TARGET = 17.2;
				MARKETING_VERSION = 1.0;
				PRODUCT_BUNDLE_IDENTIFIER = com.example.RojinPrajapati.TreadmillStatReaderTests;
				PRODUCT_NAME = "$(TARGET_NAME)";
				SWIFT_EMIT_LOC_STRINGS = NO;
				SWIFT_VERSION = 5.0;
				TARGETED_DEVICE_FAMILY = "1,2";
				TEST_HOST = "$(BUILT_PRODUCTS_DIR)/TreadmillStatReader.app/$(BUNDLE_EXECUTABLE_FOLDER_PATH)/TreadmillStatReader";
			};
			name = Release;
		};
		6EE7E1392BA23F3C00414E22 /* Debug */ = {
			isa = XCBuildConfiguration;
			buildSettings = {
				ALWAYS_EMBED_SWIFT_STANDARD_LIBRARIES = YES;
				CODE_SIGN_STYLE = Automatic;
				CURRENT_PROJECT_VERSION = 1;
				DEVELOPMENT_TEAM = U5Z5J4K24B;
				GENERATE_INFOPLIST_FILE = YES;
				MARKETING_VERSION = 1.0;
				PRODUCT_BUNDLE_IDENTIFIER = com.example.RojinPrajapati.TreadmillStatReaderUITests;
				PRODUCT_NAME = "$(TARGET_NAME)";
				SWIFT_EMIT_LOC_STRINGS = NO;
				SWIFT_VERSION = 5.0;
				TARGETED_DEVICE_FAMILY = "1,2";
				TEST_TARGET_NAME = TreadmillStatReader;
			};
			name = Debug;
		};
		6EE7E13A2BA23F3C00414E22 /* Release */ = {
			isa = XCBuildConfiguration;
			buildSettings = {
				ALWAYS_EMBED_SWIFT_STANDARD_LIBRARIES = YES;
				CODE_SIGN_STYLE = Automatic;
				CURRENT_PROJECT_VERSION = 1;
				DEVELOPMENT_TEAM = U5Z5J4K24B;
				GENERATE_INFOPLIST_FILE = YES;
				MARKETING_VERSION = 1.0;
				PRODUCT_BUNDLE_IDENTIFIER = com.example.RojinPrajapati.TreadmillStatReaderUITests;
				PRODUCT_NAME = "$(TARGET_NAME)";
				SWIFT_EMIT_LOC_STRINGS = NO;
				SWIFT_VERSION = 5.0;
				TARGETED_DEVICE_FAMILY = "1,2";
				TEST_TARGET_NAME = TreadmillStatReader;
			};
			name = Release;
		};
/* End XCBuildConfiguration section */

/* Begin XCConfigurationList section */
		6EE7E1092BA23F3900414E22 /* Build configuration list for PBXProject "TreadmillStatReader" */ = {
			isa = XCConfigurationList;
			buildConfigurations = (
				6EE7E1302BA23F3C00414E22 /* Debug */,
				6EE7E1312BA23F3C00414E22 /* Release */,
			);
			defaultConfigurationIsVisible = 0;
			defaultConfigurationName = Release;
		};
		6EE7E1322BA23F3C00414E22 /* Build configuration list for PBXNativeTarget "TreadmillStatReader" */ = {
			isa = XCConfigurationList;
			buildConfigurations = (
				6EE7E1332BA23F3C00414E22 /* Debug */,
				6EE7E1342BA23F3C00414E22 /* Release */,
			);
			defaultConfigurationIsVisible = 0;
			defaultConfigurationName = Release;
		};
		6EE7E1352BA23F3C00414E22 /* Build configuration list for PBXNativeTarget "TreadmillStatReaderTests" */ = {
			isa = XCConfigurationList;
			buildConfigurations = (
				6EE7E1362BA23F3C00414E22 /* Debug */,
				6EE7E1372BA23F3C00414E22 /* Release */,
			);
			defaultConfigurationIsVisible = 0;
			defaultConfigurationName = Release;
		};
		6EE7E1382BA23F3C00414E22 /* Build configuration list for PBXNativeTarget "TreadmillStatReaderUITests" */ = {
			isa = XCConfigurationList;
			buildConfigurations = (
				6EE7E1392BA23F3C00414E22 /* Debug */,
				6EE7E13A2BA23F3C00414E22 /* Release */,
			);
			defaultConfigurationIsVisible = 0;
			defaultConfigurationName = Release;
		};
/* End XCConfigurationList section */
	};
	rootObject = 6EE7E1062BA23F3900414E22 /* Project object */;
}
